// !$*UTF8*$!
{
	archiveVersion = 1;
	classes = {
	};
	objectVersion = 46;
	objects = {

/* Begin PBXBuildFile section */
		4C7CD3A5F162D4EEC52D2DFF /* Pods_TastingNote_CoffeeTests.framework in Frameworks */ = {isa = PBXBuildFile; fileRef = 74C474FD1754DAE01DAFF0A0 /* Pods_TastingNote_CoffeeTests.framework */; };
		60DC1C3F1F697ADA008E54AA /* AppDelegate.swift in Sources */ = {isa = PBXBuildFile; fileRef = 60DC1C3E1F697ADA008E54AA /* AppDelegate.swift */; };
		60DC1C461F697ADA008E54AA /* Assets.xcassets in Resources */ = {isa = PBXBuildFile; fileRef = 60DC1C451F697ADA008E54AA /* Assets.xcassets */; };
		60DC1C491F697ADA008E54AA /* LaunchScreen.storyboard in Resources */ = {isa = PBXBuildFile; fileRef = 60DC1C471F697ADA008E54AA /* LaunchScreen.storyboard */; };
		60DC1C541F697ADB008E54AA /* TastingNote_CoffeeTests.swift in Sources */ = {isa = PBXBuildFile; fileRef = 60DC1C531F697ADB008E54AA /* TastingNote_CoffeeTests.swift */; };
		60DC1C5F1F697ADB008E54AA /* TastingNote_CoffeeUITests.swift in Sources */ = {isa = PBXBuildFile; fileRef = 60DC1C5E1F697ADB008E54AA /* TastingNote_CoffeeUITests.swift */; };
		60DC1C6F1F697EE7008E54AA /* CountUpViewController.swift in Sources */ = {isa = PBXBuildFile; fileRef = 60DC1C6E1F697EE7008E54AA /* CountUpViewController.swift */; };
		60DC1C711F697EF5008E54AA /* CountUpViewModel.swift in Sources */ = {isa = PBXBuildFile; fileRef = 60DC1C701F697EF5008E54AA /* CountUpViewModel.swift */; };
		60DC1C731F697F06008E54AA /* CountUp.storyboard in Resources */ = {isa = PBXBuildFile; fileRef = 60DC1C721F697F06008E54AA /* CountUp.storyboard */; };
		60DC1C751F698102008E54AA /* CountUpViewModelIO.swift in Sources */ = {isa = PBXBuildFile; fileRef = 60DC1C741F698102008E54AA /* CountUpViewModelIO.swift */; };
		60DC1C791F69824E008E54AA /* RxProperty.swift in Sources */ = {isa = PBXBuildFile; fileRef = 60DC1C781F69824E008E54AA /* RxProperty.swift */; };
		60DC1C7E1F69868A008E54AA /* R.generated.swift in Sources */ = {isa = PBXBuildFile; fileRef = 60DC1C7D1F69868A008E54AA /* R.generated.swift */; };
		60DC1C811F6986D7008E54AA /* CountUpViewModelTest.swift in Sources */ = {isa = PBXBuildFile; fileRef = 60DC1C801F6986D7008E54AA /* CountUpViewModelTest.swift */; };
		9AD588BCC6402B8580F39785 /* Pods_TastingNote_CoffeeUITests.framework in Frameworks */ = {isa = PBXBuildFile; fileRef = 6E5871134933601746F664D8 /* Pods_TastingNote_CoffeeUITests.framework */; };
		A4AC41A5C663A2E6676924AD /* Pods_TastingNote_Coffee.framework in Frameworks */ = {isa = PBXBuildFile; fileRef = F15A3BD1BE3B5CAE1A56F3BC /* Pods_TastingNote_Coffee.framework */; };
/* End PBXBuildFile section */

/* Begin PBXContainerItemProxy section */
		60DC1C501F697ADB008E54AA /* PBXContainerItemProxy */ = {
			isa = PBXContainerItemProxy;
			containerPortal = 60DC1C331F697ADA008E54AA /* Project object */;
			proxyType = 1;
			remoteGlobalIDString = 60DC1C3A1F697ADA008E54AA;
			remoteInfo = "TastingNote-Coffee";
		};
		60DC1C5B1F697ADB008E54AA /* PBXContainerItemProxy */ = {
			isa = PBXContainerItemProxy;
			containerPortal = 60DC1C331F697ADA008E54AA /* Project object */;
			proxyType = 1;
			remoteGlobalIDString = 60DC1C3A1F697ADA008E54AA;
			remoteInfo = "TastingNote-Coffee";
		};
/* End PBXContainerItemProxy section */

/* Begin PBXFileReference section */
		4F359D9A297CC0D935501323 /* Pods-TastingNote-CoffeeTests.debug.xcconfig */ = {isa = PBXFileReference; includeInIndex = 1; lastKnownFileType = text.xcconfig; name = "Pods-TastingNote-CoffeeTests.debug.xcconfig"; path = "Pods/Target Support Files/Pods-TastingNote-CoffeeTests/Pods-TastingNote-CoffeeTests.debug.xcconfig"; sourceTree = "<group>"; };
		60DC1C3B1F697ADA008E54AA /* TastingNote-Coffee.app */ = {isa = PBXFileReference; explicitFileType = wrapper.application; includeInIndex = 0; path = "TastingNote-Coffee.app"; sourceTree = BUILT_PRODUCTS_DIR; };
		60DC1C3E1F697ADA008E54AA /* AppDelegate.swift */ = {isa = PBXFileReference; lastKnownFileType = sourcecode.swift; path = AppDelegate.swift; sourceTree = "<group>"; };
		60DC1C451F697ADA008E54AA /* Assets.xcassets */ = {isa = PBXFileReference; lastKnownFileType = folder.assetcatalog; path = Assets.xcassets; sourceTree = "<group>"; };
		60DC1C481F697ADA008E54AA /* Base */ = {isa = PBXFileReference; lastKnownFileType = file.storyboard; name = Base; path = Base.lproj/LaunchScreen.storyboard; sourceTree = "<group>"; };
		60DC1C4A1F697ADA008E54AA /* Info.plist */ = {isa = PBXFileReference; lastKnownFileType = text.plist.xml; path = Info.plist; sourceTree = "<group>"; };
		60DC1C4F1F697ADB008E54AA /* TastingNote-CoffeeTests.xctest */ = {isa = PBXFileReference; explicitFileType = wrapper.cfbundle; includeInIndex = 0; path = "TastingNote-CoffeeTests.xctest"; sourceTree = BUILT_PRODUCTS_DIR; };
		60DC1C531F697ADB008E54AA /* TastingNote_CoffeeTests.swift */ = {isa = PBXFileReference; lastKnownFileType = sourcecode.swift; path = TastingNote_CoffeeTests.swift; sourceTree = "<group>"; };
		60DC1C551F697ADB008E54AA /* Info.plist */ = {isa = PBXFileReference; lastKnownFileType = text.plist.xml; path = Info.plist; sourceTree = "<group>"; };
		60DC1C5A1F697ADB008E54AA /* TastingNote-CoffeeUITests.xctest */ = {isa = PBXFileReference; explicitFileType = wrapper.cfbundle; includeInIndex = 0; path = "TastingNote-CoffeeUITests.xctest"; sourceTree = BUILT_PRODUCTS_DIR; };
		60DC1C5E1F697ADB008E54AA /* TastingNote_CoffeeUITests.swift */ = {isa = PBXFileReference; lastKnownFileType = sourcecode.swift; path = TastingNote_CoffeeUITests.swift; sourceTree = "<group>"; };
		60DC1C601F697ADB008E54AA /* Info.plist */ = {isa = PBXFileReference; lastKnownFileType = text.plist.xml; path = Info.plist; sourceTree = "<group>"; };
		60DC1C6E1F697EE7008E54AA /* CountUpViewController.swift */ = {isa = PBXFileReference; fileEncoding = 4; lastKnownFileType = sourcecode.swift; path = CountUpViewController.swift; sourceTree = "<group>"; };
		60DC1C701F697EF5008E54AA /* CountUpViewModel.swift */ = {isa = PBXFileReference; fileEncoding = 4; lastKnownFileType = sourcecode.swift; path = CountUpViewModel.swift; sourceTree = "<group>"; };
		60DC1C721F697F06008E54AA /* CountUp.storyboard */ = {isa = PBXFileReference; fileEncoding = 4; lastKnownFileType = file.storyboard; path = CountUp.storyboard; sourceTree = "<group>"; };
		60DC1C741F698102008E54AA /* CountUpViewModelIO.swift */ = {isa = PBXFileReference; fileEncoding = 4; lastKnownFileType = sourcecode.swift; path = CountUpViewModelIO.swift; sourceTree = "<group>"; };
		60DC1C781F69824E008E54AA /* RxProperty.swift */ = {isa = PBXFileReference; fileEncoding = 4; lastKnownFileType = sourcecode.swift; path = RxProperty.swift; sourceTree = "<group>"; };
		60DC1C7D1F69868A008E54AA /* R.generated.swift */ = {isa = PBXFileReference; fileEncoding = 4; lastKnownFileType = sourcecode.swift; path = R.generated.swift; sourceTree = SOURCE_ROOT; };
		60DC1C801F6986D7008E54AA /* CountUpViewModelTest.swift */ = {isa = PBXFileReference; fileEncoding = 4; lastKnownFileType = sourcecode.swift; path = CountUpViewModelTest.swift; sourceTree = "<group>"; };
		6C08041CD2674A56E18E1EBE /* Pods-TastingNote-Coffee.debug.xcconfig */ = {isa = PBXFileReference; includeInIndex = 1; lastKnownFileType = text.xcconfig; name = "Pods-TastingNote-Coffee.debug.xcconfig"; path = "Pods/Target Support Files/Pods-TastingNote-Coffee/Pods-TastingNote-Coffee.debug.xcconfig"; sourceTree = "<group>"; };
		6E5871134933601746F664D8 /* Pods_TastingNote_CoffeeUITests.framework */ = {isa = PBXFileReference; explicitFileType = wrapper.framework; includeInIndex = 0; path = Pods_TastingNote_CoffeeUITests.framework; sourceTree = BUILT_PRODUCTS_DIR; };
		74C474FD1754DAE01DAFF0A0 /* Pods_TastingNote_CoffeeTests.framework */ = {isa = PBXFileReference; explicitFileType = wrapper.framework; includeInIndex = 0; path = Pods_TastingNote_CoffeeTests.framework; sourceTree = BUILT_PRODUCTS_DIR; };
		8A9C6915362BCC38816A57CD /* Pods-TastingNote-CoffeeUITests.release.xcconfig */ = {isa = PBXFileReference; includeInIndex = 1; lastKnownFileType = text.xcconfig; name = "Pods-TastingNote-CoffeeUITests.release.xcconfig"; path = "Pods/Target Support Files/Pods-TastingNote-CoffeeUITests/Pods-TastingNote-CoffeeUITests.release.xcconfig"; sourceTree = "<group>"; };
		9DFCCBF5AA691B516784637D /* Pods-TastingNote-Coffee.release.xcconfig */ = {isa = PBXFileReference; includeInIndex = 1; lastKnownFileType = text.xcconfig; name = "Pods-TastingNote-Coffee.release.xcconfig"; path = "Pods/Target Support Files/Pods-TastingNote-Coffee/Pods-TastingNote-Coffee.release.xcconfig"; sourceTree = "<group>"; };
		C60AE6F85648CF0B46B53CFD /* Pods-TastingNote-CoffeeUITests.debug.xcconfig */ = {isa = PBXFileReference; includeInIndex = 1; lastKnownFileType = text.xcconfig; name = "Pods-TastingNote-CoffeeUITests.debug.xcconfig"; path = "Pods/Target Support Files/Pods-TastingNote-CoffeeUITests/Pods-TastingNote-CoffeeUITests.debug.xcconfig"; sourceTree = "<group>"; };
		E1E71505F25CA10DB0B5649D /* Pods-TastingNote-CoffeeTests.release.xcconfig */ = {isa = PBXFileReference; includeInIndex = 1; lastKnownFileType = text.xcconfig; name = "Pods-TastingNote-CoffeeTests.release.xcconfig"; path = "Pods/Target Support Files/Pods-TastingNote-CoffeeTests/Pods-TastingNote-CoffeeTests.release.xcconfig"; sourceTree = "<group>"; };
		F15A3BD1BE3B5CAE1A56F3BC /* Pods_TastingNote_Coffee.framework */ = {isa = PBXFileReference; explicitFileType = wrapper.framework; includeInIndex = 0; path = Pods_TastingNote_Coffee.framework; sourceTree = BUILT_PRODUCTS_DIR; };
/* End PBXFileReference section */

/* Begin PBXFrameworksBuildPhase section */
		60DC1C381F697ADA008E54AA /* Frameworks */ = {
			isa = PBXFrameworksBuildPhase;
			buildActionMask = 2147483647;
			files = (
				A4AC41A5C663A2E6676924AD /* Pods_TastingNote_Coffee.framework in Frameworks */,
			);
			runOnlyForDeploymentPostprocessing = 0;
		};
		60DC1C4C1F697ADB008E54AA /* Frameworks */ = {
			isa = PBXFrameworksBuildPhase;
			buildActionMask = 2147483647;
			files = (
				4C7CD3A5F162D4EEC52D2DFF /* Pods_TastingNote_CoffeeTests.framework in Frameworks */,
			);
			runOnlyForDeploymentPostprocessing = 0;
		};
		60DC1C571F697ADB008E54AA /* Frameworks */ = {
			isa = PBXFrameworksBuildPhase;
			buildActionMask = 2147483647;
			files = (
				9AD588BCC6402B8580F39785 /* Pods_TastingNote_CoffeeUITests.framework in Frameworks */,
			);
			runOnlyForDeploymentPostprocessing = 0;
		};
/* End PBXFrameworksBuildPhase section */

/* Begin PBXGroup section */
		4FA5881A8690D61AAB4F85DF /* Pods */ = {
			isa = PBXGroup;
			children = (
				6C08041CD2674A56E18E1EBE /* Pods-TastingNote-Coffee.debug.xcconfig */,
				9DFCCBF5AA691B516784637D /* Pods-TastingNote-Coffee.release.xcconfig */,
				4F359D9A297CC0D935501323 /* Pods-TastingNote-CoffeeTests.debug.xcconfig */,
				E1E71505F25CA10DB0B5649D /* Pods-TastingNote-CoffeeTests.release.xcconfig */,
				C60AE6F85648CF0B46B53CFD /* Pods-TastingNote-CoffeeUITests.debug.xcconfig */,
				8A9C6915362BCC38816A57CD /* Pods-TastingNote-CoffeeUITests.release.xcconfig */,
			);
			name = Pods;
			sourceTree = "<group>";
		};
		60DC1C321F697ADA008E54AA = {
			isa = PBXGroup;
			children = (
				60DC1C3D1F697ADA008E54AA /* TastingNote-Coffee */,
				60DC1C521F697ADB008E54AA /* TastingNote-CoffeeTests */,
				60DC1C5D1F697ADB008E54AA /* TastingNote-CoffeeUITests */,
				60DC1C3C1F697ADA008E54AA /* Products */,
				4FA5881A8690D61AAB4F85DF /* Pods */,
				77FF9E9B8A2318096F2BC57F /* Frameworks */,
			);
			sourceTree = "<group>";
		};
		60DC1C3C1F697ADA008E54AA /* Products */ = {
			isa = PBXGroup;
			children = (
				60DC1C3B1F697ADA008E54AA /* TastingNote-Coffee.app */,
				60DC1C4F1F697ADB008E54AA /* TastingNote-CoffeeTests.xctest */,
				60DC1C5A1F697ADB008E54AA /* TastingNote-CoffeeUITests.xctest */,
			);
			name = Products;
			sourceTree = "<group>";
		};
		60DC1C3D1F697ADA008E54AA /* TastingNote-Coffee */ = {
			isa = PBXGroup;
			children = (
				60DC1C761F698235008E54AA /* Extensions */,
				60DC1C7C1F698662008E54AA /* Application */,
				60DC1C6C1F697EBF008E54AA /* CountUp */,
				60DC1C7B1F69863D008E54AA /* Resources */,
			);
			path = "TastingNote-Coffee";
			sourceTree = "<group>";
		};
		60DC1C521F697ADB008E54AA /* TastingNote-CoffeeTests */ = {
			isa = PBXGroup;
			children = (
				60DC1C7F1F6986B5008E54AA /* CountUp */,
				60DC1C531F697ADB008E54AA /* TastingNote_CoffeeTests.swift */,
				60DC1C551F697ADB008E54AA /* Info.plist */,
			);
			path = "TastingNote-CoffeeTests";
			sourceTree = "<group>";
		};
		60DC1C5D1F697ADB008E54AA /* TastingNote-CoffeeUITests */ = {
			isa = PBXGroup;
			children = (
				60DC1C5E1F697ADB008E54AA /* TastingNote_CoffeeUITests.swift */,
				60DC1C601F697ADB008E54AA /* Info.plist */,
			);
			path = "TastingNote-CoffeeUITests";
			sourceTree = "<group>";
		};
		60DC1C6C1F697EBF008E54AA /* CountUp */ = {
			isa = PBXGroup;
			children = (
				60DC1C6D1F697ED6008E54AA /* Models */,
				60DC1C6E1F697EE7008E54AA /* CountUpViewController.swift */,
				60DC1C721F697F06008E54AA /* CountUp.storyboard */,
			);
			name = CountUp;
			sourceTree = "<group>";
		};
		60DC1C6D1F697ED6008E54AA /* Models */ = {
			isa = PBXGroup;
			children = (
				60DC1C741F698102008E54AA /* CountUpViewModelIO.swift */,
				60DC1C701F697EF5008E54AA /* CountUpViewModel.swift */,
			);
			name = Models;
			sourceTree = "<group>";
		};
		60DC1C761F698235008E54AA /* Extensions */ = {
			isa = PBXGroup;
			children = (
				60DC1C771F698241008E54AA /* RxSwift */,
			);
			name = Extensions;
			sourceTree = "<group>";
		};
		60DC1C771F698241008E54AA /* RxSwift */ = {
			isa = PBXGroup;
			children = (
				60DC1C781F69824E008E54AA /* RxProperty.swift */,
			);
			name = RxSwift;
			sourceTree = "<group>";
		};
		60DC1C7B1F69863D008E54AA /* Resources */ = {
			isa = PBXGroup;
			children = (
				60DC1C7D1F69868A008E54AA /* R.generated.swift */,
				60DC1C451F697ADA008E54AA /* Assets.xcassets */,
				60DC1C471F697ADA008E54AA /* LaunchScreen.storyboard */,
				60DC1C4A1F697ADA008E54AA /* Info.plist */,
			);
			name = Resources;
			sourceTree = "<group>";
		};
		60DC1C7C1F698662008E54AA /* Application */ = {
			isa = PBXGroup;
			children = (
				60DC1C3E1F697ADA008E54AA /* AppDelegate.swift */,
			);
			name = Application;
			sourceTree = "<group>";
		};
		60DC1C7F1F6986B5008E54AA /* CountUp */ = {
			isa = PBXGroup;
			children = (
				60DC1C801F6986D7008E54AA /* CountUpViewModelTest.swift */,
			);
			name = CountUp;
			sourceTree = "<group>";
		};
		77FF9E9B8A2318096F2BC57F /* Frameworks */ = {
			isa = PBXGroup;
			children = (
				F15A3BD1BE3B5CAE1A56F3BC /* Pods_TastingNote_Coffee.framework */,
				74C474FD1754DAE01DAFF0A0 /* Pods_TastingNote_CoffeeTests.framework */,
				6E5871134933601746F664D8 /* Pods_TastingNote_CoffeeUITests.framework */,
			);
			name = Frameworks;
			sourceTree = "<group>";
		};
/* End PBXGroup section */

/* Begin PBXNativeTarget section */
		60DC1C3A1F697ADA008E54AA /* TastingNote-Coffee */ = {
			isa = PBXNativeTarget;
			buildConfigurationList = 60DC1C631F697ADB008E54AA /* Build configuration list for PBXNativeTarget "TastingNote-Coffee" */;
			buildPhases = (
				638D26F26988349276D625DD /* [CP] Check Pods Manifest.lock */,
				60DC1C7A1F69860F008E54AA /* [R.swift] Create R file */,
				60DC1C371F697ADA008E54AA /* Sources */,
				60DC1C381F697ADA008E54AA /* Frameworks */,
				60DC1C391F697ADA008E54AA /* Resources */,
				DA12CF0DDDB25D4E1BB9BC01 /* [CP] Embed Pods Frameworks */,
				98C85011C65CA24D44431B21 /* [CP] Copy Pods Resources */,
				600A11701F6A1F0E0095F11D /* [Fabric] Deploy */,
			);
			buildRules = (
			);
			dependencies = (
			);
			name = "TastingNote-Coffee";
			productName = "TastingNote-Coffee";
			productReference = 60DC1C3B1F697ADA008E54AA /* TastingNote-Coffee.app */;
			productType = "com.apple.product-type.application";
		};
		60DC1C4E1F697ADB008E54AA /* TastingNote-CoffeeTests */ = {
			isa = PBXNativeTarget;
			buildConfigurationList = 60DC1C661F697ADB008E54AA /* Build configuration list for PBXNativeTarget "TastingNote-CoffeeTests" */;
			buildPhases = (
				2B4C8B30A3CA1940E2C722C0 /* [CP] Check Pods Manifest.lock */,
				60DC1C4B1F697ADB008E54AA /* Sources */,
				60DC1C4C1F697ADB008E54AA /* Frameworks */,
				60DC1C4D1F697ADB008E54AA /* Resources */,
				CB45A3EC701C707F77637CAC /* [CP] Embed Pods Frameworks */,
				459DB4DACA834B2A8035B126 /* [CP] Copy Pods Resources */,
			);
			buildRules = (
			);
			dependencies = (
				60DC1C511F697ADB008E54AA /* PBXTargetDependency */,
			);
			name = "TastingNote-CoffeeTests";
			productName = "TastingNote-CoffeeTests";
			productReference = 60DC1C4F1F697ADB008E54AA /* TastingNote-CoffeeTests.xctest */;
			productType = "com.apple.product-type.bundle.unit-test";
		};
		60DC1C591F697ADB008E54AA /* TastingNote-CoffeeUITests */ = {
			isa = PBXNativeTarget;
			buildConfigurationList = 60DC1C691F697ADB008E54AA /* Build configuration list for PBXNativeTarget "TastingNote-CoffeeUITests" */;
			buildPhases = (
				B038AC1149BFDD8045ABF222 /* [CP] Check Pods Manifest.lock */,
				60DC1C561F697ADB008E54AA /* Sources */,
				60DC1C571F697ADB008E54AA /* Frameworks */,
				60DC1C581F697ADB008E54AA /* Resources */,
				030FFCC047A4C57A30743BFD /* [CP] Embed Pods Frameworks */,
				6485B17398D6129F16DA9299 /* [CP] Copy Pods Resources */,
			);
			buildRules = (
			);
			dependencies = (
				60DC1C5C1F697ADB008E54AA /* PBXTargetDependency */,
			);
			name = "TastingNote-CoffeeUITests";
			productName = "TastingNote-CoffeeUITests";
			productReference = 60DC1C5A1F697ADB008E54AA /* TastingNote-CoffeeUITests.xctest */;
			productType = "com.apple.product-type.bundle.ui-testing";
		};
/* End PBXNativeTarget section */

/* Begin PBXProject section */
		60DC1C331F697ADA008E54AA /* Project object */ = {
			isa = PBXProject;
			attributes = {
				LastSwiftUpdateCheck = 0830;
				LastUpgradeCheck = 0830;
				ORGANIZATIONNAME = "Junichi Maruyama";
				TargetAttributes = {
					60DC1C3A1F697ADA008E54AA = {
						CreatedOnToolsVersion = 8.3.3;
						DevelopmentTeam = 6K4ZBWEM7M;
						ProvisioningStyle = Automatic;
					};
					60DC1C4E1F697ADB008E54AA = {
						CreatedOnToolsVersion = 8.3.3;
						DevelopmentTeam = 6K4ZBWEM7M;
						ProvisioningStyle = Automatic;
						TestTargetID = 60DC1C3A1F697ADA008E54AA;
					};
					60DC1C591F697ADB008E54AA = {
						CreatedOnToolsVersion = 8.3.3;
						DevelopmentTeam = 6K4ZBWEM7M;
						ProvisioningStyle = Automatic;
						TestTargetID = 60DC1C3A1F697ADA008E54AA;
					};
				};
			};
			buildConfigurationList = 60DC1C361F697ADA008E54AA /* Build configuration list for PBXProject "TastingNote-Coffee" */;
			compatibilityVersion = "Xcode 3.2";
			developmentRegion = English;
			hasScannedForEncodings = 0;
			knownRegions = (
				en,
				Base,
			);
			mainGroup = 60DC1C321F697ADA008E54AA;
			productRefGroup = 60DC1C3C1F697ADA008E54AA /* Products */;
			projectDirPath = "";
			projectRoot = "";
			targets = (
				60DC1C3A1F697ADA008E54AA /* TastingNote-Coffee */,
				60DC1C4E1F697ADB008E54AA /* TastingNote-CoffeeTests */,
				60DC1C591F697ADB008E54AA /* TastingNote-CoffeeUITests */,
			);
		};
/* End PBXProject section */

/* Begin PBXResourcesBuildPhase section */
		60DC1C391F697ADA008E54AA /* Resources */ = {
			isa = PBXResourcesBuildPhase;
			buildActionMask = 2147483647;
			files = (
				60DC1C491F697ADA008E54AA /* LaunchScreen.storyboard in Resources */,
				60DC1C461F697ADA008E54AA /* Assets.xcassets in Resources */,
				60DC1C731F697F06008E54AA /* CountUp.storyboard in Resources */,
			);
			runOnlyForDeploymentPostprocessing = 0;
		};
		60DC1C4D1F697ADB008E54AA /* Resources */ = {
			isa = PBXResourcesBuildPhase;
			buildActionMask = 2147483647;
			files = (
			);
			runOnlyForDeploymentPostprocessing = 0;
		};
		60DC1C581F697ADB008E54AA /* Resources */ = {
			isa = PBXResourcesBuildPhase;
			buildActionMask = 2147483647;
			files = (
			);
			runOnlyForDeploymentPostprocessing = 0;
		};
/* End PBXResourcesBuildPhase section */

/* Begin PBXShellScriptBuildPhase section */
		030FFCC047A4C57A30743BFD /* [CP] Embed Pods Frameworks */ = {
			isa = PBXShellScriptBuildPhase;
			buildActionMask = 2147483647;
			files = (
			);
			inputPaths = (
			);
			name = "[CP] Embed Pods Frameworks";
			outputPaths = (
			);
			runOnlyForDeploymentPostprocessing = 0;
			shellPath = /bin/sh;
			shellScript = "\"${SRCROOT}/Pods/Target Support Files/Pods-TastingNote-CoffeeUITests/Pods-TastingNote-CoffeeUITests-frameworks.sh\"\n";
			showEnvVarsInLog = 0;
		};
		2B4C8B30A3CA1940E2C722C0 /* [CP] Check Pods Manifest.lock */ = {
			isa = PBXShellScriptBuildPhase;
			buildActionMask = 2147483647;
			files = (
			);
			inputPaths = (
			);
			name = "[CP] Check Pods Manifest.lock";
			outputPaths = (
			);
			runOnlyForDeploymentPostprocessing = 0;
			shellPath = /bin/sh;
			shellScript = "diff \"${PODS_PODFILE_DIR_PATH}/Podfile.lock\" \"${PODS_ROOT}/Manifest.lock\" > /dev/null\nif [ $? != 0 ] ; then\n    # print error to STDERR\n    echo \"error: The sandbox is not in sync with the Podfile.lock. Run 'pod install' or update your CocoaPods installation.\" >&2\n    exit 1\nfi\n";
			showEnvVarsInLog = 0;
		};
		459DB4DACA834B2A8035B126 /* [CP] Copy Pods Resources */ = {
			isa = PBXShellScriptBuildPhase;
			buildActionMask = 2147483647;
			files = (
			);
			inputPaths = (
			);
			name = "[CP] Copy Pods Resources";
			outputPaths = (
			);
			runOnlyForDeploymentPostprocessing = 0;
			shellPath = /bin/sh;
			shellScript = "\"${SRCROOT}/Pods/Target Support Files/Pods-TastingNote-CoffeeTests/Pods-TastingNote-CoffeeTests-resources.sh\"\n";
			showEnvVarsInLog = 0;
		};
		600A11701F6A1F0E0095F11D /* [Fabric] Deploy */ = {
			isa = PBXShellScriptBuildPhase;
			buildActionMask = 2147483647;
			files = (
			);
			inputPaths = (
			);
			name = "[Fabric] Deploy";
			outputPaths = (
			);
			runOnlyForDeploymentPostprocessing = 0;
			shellPath = /bin/sh;
			shellScript = "$PODS_ROOT/Fabric/run 6cb0cc9d48b1339629f655b453be597013aa0899 90385b5b011ee156cdf8ab4852a4a84b86a811f5d4c91dc09b8b00b745607a07";
		};
		60DC1C7A1F69860F008E54AA /* [R.swift] Create R file */ = {
			isa = PBXShellScriptBuildPhase;
			buildActionMask = 2147483647;
			files = (
			);
			inputPaths = (
			);
			name = "[R.swift] Create R file";
			outputPaths = (
			);
			runOnlyForDeploymentPostprocessing = 0;
			shellPath = /bin/sh;
			shellScript = "\"$PODS_ROOT/R.swift/rswift\" \"$SRCROOT\"";
		};
		638D26F26988349276D625DD /* [CP] Check Pods Manifest.lock */ = {
			isa = PBXShellScriptBuildPhase;
			buildActionMask = 2147483647;
			files = (
			);
			inputPaths = (
			);
			name = "[CP] Check Pods Manifest.lock";
			outputPaths = (
			);
			runOnlyForDeploymentPostprocessing = 0;
			shellPath = /bin/sh;
			shellScript = "diff \"${PODS_PODFILE_DIR_PATH}/Podfile.lock\" \"${PODS_ROOT}/Manifest.lock\" > /dev/null\nif [ $? != 0 ] ; then\n    # print error to STDERR\n    echo \"error: The sandbox is not in sync with the Podfile.lock. Run 'pod install' or update your CocoaPods installation.\" >&2\n    exit 1\nfi\n";
			showEnvVarsInLog = 0;
		};
		6485B17398D6129F16DA9299 /* [CP] Copy Pods Resources */ = {
			isa = PBXShellScriptBuildPhase;
			buildActionMask = 2147483647;
			files = (
			);
			inputPaths = (
			);
			name = "[CP] Copy Pods Resources";
			outputPaths = (
			);
			runOnlyForDeploymentPostprocessing = 0;
			shellPath = /bin/sh;
			shellScript = "\"${SRCROOT}/Pods/Target Support Files/Pods-TastingNote-CoffeeUITests/Pods-TastingNote-CoffeeUITests-resources.sh\"\n";
			showEnvVarsInLog = 0;
		};
		98C85011C65CA24D44431B21 /* [CP] Copy Pods Resources */ = {
			isa = PBXShellScriptBuildPhase;
			buildActionMask = 2147483647;
			files = (
			);
			inputPaths = (
			);
			name = "[CP] Copy Pods Resources";
			outputPaths = (
			);
			runOnlyForDeploymentPostprocessing = 0;
			shellPath = /bin/sh;
			shellScript = "\"${SRCROOT}/Pods/Target Support Files/Pods-TastingNote-Coffee/Pods-TastingNote-Coffee-resources.sh\"\n";
			showEnvVarsInLog = 0;
		};
		B038AC1149BFDD8045ABF222 /* [CP] Check Pods Manifest.lock */ = {
			isa = PBXShellScriptBuildPhase;
			buildActionMask = 2147483647;
			files = (
			);
			inputPaths = (
			);
			name = "[CP] Check Pods Manifest.lock";
			outputPaths = (
			);
			runOnlyForDeploymentPostprocessing = 0;
			shellPath = /bin/sh;
			shellScript = "diff \"${PODS_PODFILE_DIR_PATH}/Podfile.lock\" \"${PODS_ROOT}/Manifest.lock\" > /dev/null\nif [ $? != 0 ] ; then\n    # print error to STDERR\n    echo \"error: The sandbox is not in sync with the Podfile.lock. Run 'pod install' or update your CocoaPods installation.\" >&2\n    exit 1\nfi\n";
			showEnvVarsInLog = 0;
		};
		CB45A3EC701C707F77637CAC /* [CP] Embed Pods Frameworks */ = {
			isa = PBXShellScriptBuildPhase;
			buildActionMask = 2147483647;
			files = (
			);
			inputPaths = (
			);
			name = "[CP] Embed Pods Frameworks";
			outputPaths = (
			);
			runOnlyForDeploymentPostprocessing = 0;
			shellPath = /bin/sh;
			shellScript = "\"${SRCROOT}/Pods/Target Support Files/Pods-TastingNote-CoffeeTests/Pods-TastingNote-CoffeeTests-frameworks.sh\"\n";
			showEnvVarsInLog = 0;
		};
		DA12CF0DDDB25D4E1BB9BC01 /* [CP] Embed Pods Frameworks */ = {
			isa = PBXShellScriptBuildPhase;
			buildActionMask = 2147483647;
			files = (
			);
			inputPaths = (
			);
			name = "[CP] Embed Pods Frameworks";
			outputPaths = (
			);
			runOnlyForDeploymentPostprocessing = 0;
			shellPath = /bin/sh;
			shellScript = "\"${SRCROOT}/Pods/Target Support Files/Pods-TastingNote-Coffee/Pods-TastingNote-Coffee-frameworks.sh\"\n";
			showEnvVarsInLog = 0;
		};
/* End PBXShellScriptBuildPhase section */

/* Begin PBXSourcesBuildPhase section */
		60DC1C371F697ADA008E54AA /* Sources */ = {
			isa = PBXSourcesBuildPhase;
			buildActionMask = 2147483647;
			files = (
				60DC1C791F69824E008E54AA /* RxProperty.swift in Sources */,
				60DC1C6F1F697EE7008E54AA /* CountUpViewController.swift in Sources */,
				60DC1C3F1F697ADA008E54AA /* AppDelegate.swift in Sources */,
				60DC1C711F697EF5008E54AA /* CountUpViewModel.swift in Sources */,
				60DC1C751F698102008E54AA /* CountUpViewModelIO.swift in Sources */,
				60DC1C7E1F69868A008E54AA /* R.generated.swift in Sources */,
			);
			runOnlyForDeploymentPostprocessing = 0;
		};
		60DC1C4B1F697ADB008E54AA /* Sources */ = {
			isa = PBXSourcesBuildPhase;
			buildActionMask = 2147483647;
			files = (
				60DC1C541F697ADB008E54AA /* TastingNote_CoffeeTests.swift in Sources */,
				60DC1C811F6986D7008E54AA /* CountUpViewModelTest.swift in Sources */,
			);
			runOnlyForDeploymentPostprocessing = 0;
		};
		60DC1C561F697ADB008E54AA /* Sources */ = {
			isa = PBXSourcesBuildPhase;
			buildActionMask = 2147483647;
			files = (
				60DC1C5F1F697ADB008E54AA /* TastingNote_CoffeeUITests.swift in Sources */,
			);
			runOnlyForDeploymentPostprocessing = 0;
		};
/* End PBXSourcesBuildPhase section */

/* Begin PBXTargetDependency section */
		60DC1C511F697ADB008E54AA /* PBXTargetDependency */ = {
			isa = PBXTargetDependency;
			target = 60DC1C3A1F697ADA008E54AA /* TastingNote-Coffee */;
			targetProxy = 60DC1C501F697ADB008E54AA /* PBXContainerItemProxy */;
		};
		60DC1C5C1F697ADB008E54AA /* PBXTargetDependency */ = {
			isa = PBXTargetDependency;
			target = 60DC1C3A1F697ADA008E54AA /* TastingNote-Coffee */;
			targetProxy = 60DC1C5B1F697ADB008E54AA /* PBXContainerItemProxy */;
		};
/* End PBXTargetDependency section */

/* Begin PBXVariantGroup section */
		60DC1C471F697ADA008E54AA /* LaunchScreen.storyboard */ = {
			isa = PBXVariantGroup;
			children = (
				60DC1C481F697ADA008E54AA /* Base */,
			);
			name = LaunchScreen.storyboard;
			sourceTree = "<group>";
		};
/* End PBXVariantGroup section */

/* Begin XCBuildConfiguration section */
		60DC1C611F697ADB008E54AA /* Debug */ = {
			isa = XCBuildConfiguration;
			buildSettings = {
				ALWAYS_SEARCH_USER_PATHS = NO;
				CLANG_ANALYZER_NONNULL = YES;
				CLANG_ANALYZER_NUMBER_OBJECT_CONVERSION = YES_AGGRESSIVE;
				CLANG_CXX_LANGUAGE_STANDARD = "gnu++0x";
				CLANG_CXX_LIBRARY = "libc++";
				CLANG_ENABLE_MODULES = YES;
				CLANG_ENABLE_OBJC_ARC = YES;
				CLANG_WARN_BOOL_CONVERSION = YES;
				CLANG_WARN_CONSTANT_CONVERSION = YES;
				CLANG_WARN_DIRECT_OBJC_ISA_USAGE = YES_ERROR;
				CLANG_WARN_DOCUMENTATION_COMMENTS = YES;
				CLANG_WARN_EMPTY_BODY = YES;
				CLANG_WARN_ENUM_CONVERSION = YES;
				CLANG_WARN_INFINITE_RECURSION = YES;
				CLANG_WARN_INT_CONVERSION = YES;
				CLANG_WARN_OBJC_ROOT_CLASS = YES_ERROR;
				CLANG_WARN_SUSPICIOUS_MOVE = YES;
				CLANG_WARN_UNREACHABLE_CODE = YES;
				CLANG_WARN__DUPLICATE_METHOD_MATCH = YES;
				"CODE_SIGN_IDENTITY[sdk=iphoneos*]" = "iPhone Developer";
				COPY_PHASE_STRIP = NO;
				DEBUG_INFORMATION_FORMAT = dwarf;
				ENABLE_STRICT_OBJC_MSGSEND = YES;
				ENABLE_TESTABILITY = YES;
				GCC_C_LANGUAGE_STANDARD = gnu99;
				GCC_DYNAMIC_NO_PIC = NO;
				GCC_NO_COMMON_BLOCKS = YES;
				GCC_OPTIMIZATION_LEVEL = 0;
				GCC_PREPROCESSOR_DEFINITIONS = (
					"DEBUG=1",
					"$(inherited)",
				);
				GCC_WARN_64_TO_32_BIT_CONVERSION = YES;
				GCC_WARN_ABOUT_RETURN_TYPE = YES_ERROR;
				GCC_WARN_UNDECLARED_SELECTOR = YES;
				GCC_WARN_UNINITIALIZED_AUTOS = YES_AGGRESSIVE;
				GCC_WARN_UNUSED_FUNCTION = YES;
				GCC_WARN_UNUSED_VARIABLE = YES;
				IPHONEOS_DEPLOYMENT_TARGET = 10.3;
				MTL_ENABLE_DEBUG_INFO = YES;
				ONLY_ACTIVE_ARCH = YES;
				SDKROOT = iphoneos;
				SWIFT_ACTIVE_COMPILATION_CONDITIONS = DEBUG;
				SWIFT_OPTIMIZATION_LEVEL = "-Onone";
				TARGETED_DEVICE_FAMILY = "1,2";
			};
			name = Debug;
		};
		60DC1C621F697ADB008E54AA /* Release */ = {
			isa = XCBuildConfiguration;
			buildSettings = {
				ALWAYS_SEARCH_USER_PATHS = NO;
				CLANG_ANALYZER_NONNULL = YES;
				CLANG_ANALYZER_NUMBER_OBJECT_CONVERSION = YES_AGGRESSIVE;
				CLANG_CXX_LANGUAGE_STANDARD = "gnu++0x";
				CLANG_CXX_LIBRARY = "libc++";
				CLANG_ENABLE_MODULES = YES;
				CLANG_ENABLE_OBJC_ARC = YES;
				CLANG_WARN_BOOL_CONVERSION = YES;
				CLANG_WARN_CONSTANT_CONVERSION = YES;
				CLANG_WARN_DIRECT_OBJC_ISA_USAGE = YES_ERROR;
				CLANG_WARN_DOCUMENTATION_COMMENTS = YES;
				CLANG_WARN_EMPTY_BODY = YES;
				CLANG_WARN_ENUM_CONVERSION = YES;
				CLANG_WARN_INFINITE_RECURSION = YES;
				CLANG_WARN_INT_CONVERSION = YES;
				CLANG_WARN_OBJC_ROOT_CLASS = YES_ERROR;
				CLANG_WARN_SUSPICIOUS_MOVE = YES;
				CLANG_WARN_UNREACHABLE_CODE = YES;
				CLANG_WARN__DUPLICATE_METHOD_MATCH = YES;
				"CODE_SIGN_IDENTITY[sdk=iphoneos*]" = "iPhone Developer";
				COPY_PHASE_STRIP = NO;
				DEBUG_INFORMATION_FORMAT = "dwarf-with-dsym";
				ENABLE_NS_ASSERTIONS = NO;
				ENABLE_STRICT_OBJC_MSGSEND = YES;
				GCC_C_LANGUAGE_STANDARD = gnu99;
				GCC_NO_COMMON_BLOCKS = YES;
				GCC_WARN_64_TO_32_BIT_CONVERSION = YES;
				GCC_WARN_ABOUT_RETURN_TYPE = YES_ERROR;
				GCC_WARN_UNDECLARED_SELECTOR = YES;
				GCC_WARN_UNINITIALIZED_AUTOS = YES_AGGRESSIVE;
				GCC_WARN_UNUSED_FUNCTION = YES;
				GCC_WARN_UNUSED_VARIABLE = YES;
				IPHONEOS_DEPLOYMENT_TARGET = 10.3;
				MTL_ENABLE_DEBUG_INFO = NO;
				SDKROOT = iphoneos;
				SWIFT_OPTIMIZATION_LEVEL = "-Owholemodule";
				TARGETED_DEVICE_FAMILY = "1,2";
				VALIDATE_PRODUCT = YES;
			};
			name = Release;
		};
		60DC1C641F697ADB008E54AA /* Debug */ = {
			isa = XCBuildConfiguration;
			baseConfigurationReference = 6C08041CD2674A56E18E1EBE /* Pods-TastingNote-Coffee.debug.xcconfig */;
			buildSettings = {
				ASSETCATALOG_COMPILER_APPICON_NAME = AppIcon;
				CODE_SIGN_IDENTITY = "iPhone Developer: MARUYAMA JUNICHI (GX2WLT8NK9)";
				"CODE_SIGN_IDENTITY[sdk=iphoneos*]" = "iPhone Developer";
				DEVELOPMENT_TEAM = 6K4ZBWEM7M;
				FRAMEWORK_SEARCH_PATHS = (
					"$(inherited)",
					"$(PROJECT_DIR)",
				);
				INFOPLIST_FILE = "TastingNote-Coffee/Info.plist";
				LD_RUNPATH_SEARCH_PATHS = "$(inherited) @executable_path/Frameworks";
				PRODUCT_BUNDLE_IDENTIFIER = "jp.junichi.TastingNote-Coffee";
				PRODUCT_NAME = "$(TARGET_NAME)";
				PROVISIONING_PROFILE_SPECIFIER = "";
				SWIFT_VERSION = 3.0;
			};
			name = Debug;
		};
		60DC1C651F697ADB008E54AA /* Release */ = {
			isa = XCBuildConfiguration;
			baseConfigurationReference = 9DFCCBF5AA691B516784637D /* Pods-TastingNote-Coffee.release.xcconfig */;
			buildSettings = {
				ASSETCATALOG_COMPILER_APPICON_NAME = AppIcon;
				CODE_SIGN_IDENTITY = "iPhone Distribution: MARUYAMA JUNICHI (6K4ZBWEM7M)";
				"CODE_SIGN_IDENTITY[sdk=iphoneos*]" = "iPhone Developer";
				DEVELOPMENT_TEAM = 6K4ZBWEM7M;
				FRAMEWORK_SEARCH_PATHS = (
					"$(inherited)",
					"$(PROJECT_DIR)",
				);
				INFOPLIST_FILE = "TastingNote-Coffee/Info.plist";
				LD_RUNPATH_SEARCH_PATHS = "$(inherited) @executable_path/Frameworks";
				PRODUCT_BUNDLE_IDENTIFIER = "jp.junichi.TastingNote-Coffee";
				PRODUCT_NAME = "$(TARGET_NAME)";
				PROVISIONING_PROFILE_SPECIFIER = "";
				SWIFT_VERSION = 3.0;
			};
			name = Release;
		};
		60DC1C671F697ADB008E54AA /* Debug */ = {
			isa = XCBuildConfiguration;
			baseConfigurationReference = 4F359D9A297CC0D935501323 /* Pods-TastingNote-CoffeeTests.debug.xcconfig */;
			buildSettings = {
				ALWAYS_EMBED_SWIFT_STANDARD_LIBRARIES = YES;
				BUNDLE_LOADER = "$(TEST_HOST)";
				DEVELOPMENT_TEAM = 6K4ZBWEM7M;
				INFOPLIST_FILE = "TastingNote-CoffeeTests/Info.plist";
				LD_RUNPATH_SEARCH_PATHS = "$(inherited) @executable_path/Frameworks @loader_path/Frameworks";
				PRODUCT_BUNDLE_IDENTIFIER = "jp.junichi.TastingNote-CoffeeTests";
				PRODUCT_NAME = "$(TARGET_NAME)";
				SWIFT_VERSION = 3.0;
				TEST_HOST = "$(BUILT_PRODUCTS_DIR)/TastingNote-Coffee.app/TastingNote-Coffee";
			};
			name = Debug;
		};
		60DC1C681F697ADB008E54AA /* Release */ = {
			isa = XCBuildConfiguration;
			baseConfigurationReference = E1E71505F25CA10DB0B5649D /* Pods-TastingNote-CoffeeTests.release.xcconfig */;
			buildSettings = {
				ALWAYS_EMBED_SWIFT_STANDARD_LIBRARIES = YES;
				BUNDLE_LOADER = "$(TEST_HOST)";
				DEVELOPMENT_TEAM = 6K4ZBWEM7M;
				INFOPLIST_FILE = "TastingNote-CoffeeTests/Info.plist";
				LD_RUNPATH_SEARCH_PATHS = "$(inherited) @executable_path/Frameworks @loader_path/Frameworks";
				PRODUCT_BUNDLE_IDENTIFIER = "jp.junichi.TastingNote-CoffeeTests";
				PRODUCT_NAME = "$(TARGET_NAME)";
				SWIFT_VERSION = 3.0;
				TEST_HOST = "$(BUILT_PRODUCTS_DIR)/TastingNote-Coffee.app/TastingNote-Coffee";
			};
			name = Release;
		};
		60DC1C6A1F697ADB008E54AA /* Debug */ = {
			isa = XCBuildConfiguration;
			baseConfigurationReference = C60AE6F85648CF0B46B53CFD /* Pods-TastingNote-CoffeeUITests.debug.xcconfig */;
			buildSettings = {
				ALWAYS_EMBED_SWIFT_STANDARD_LIBRARIES = YES;
				DEVELOPMENT_TEAM = 6K4ZBWEM7M;
				INFOPLIST_FILE = "TastingNote-CoffeeUITests/Info.plist";
				LD_RUNPATH_SEARCH_PATHS = "$(inherited) @executable_path/Frameworks @loader_path/Frameworks";
				PRODUCT_BUNDLE_IDENTIFIER = "jp.junichi.TastingNote-CoffeeUITests";
				PRODUCT_NAME = "$(TARGET_NAME)";
				SWIFT_VERSION = 3.0;
				TEST_TARGET_NAME = "TastingNote-Coffee";
			};
			name = Debug;
		};
		60DC1C6B1F697ADB008E54AA /* Release */ = {
			isa = XCBuildConfiguration;
			baseConfigurationReference = 8A9C6915362BCC38816A57CD /* Pods-TastingNote-CoffeeUITests.release.xcconfig */;
			buildSettings = {
				ALWAYS_EMBED_SWIFT_STANDARD_LIBRARIES = YES;
				DEVELOPMENT_TEAM = 6K4ZBWEM7M;
				INFOPLIST_FILE = "TastingNote-CoffeeUITests/Info.plist";
				LD_RUNPATH_SEARCH_PATHS = "$(inherited) @executable_path/Frameworks @loader_path/Frameworks";
				PRODUCT_BUNDLE_IDENTIFIER = "jp.junichi.TastingNote-CoffeeUITests";
				PRODUCT_NAME = "$(TARGET_NAME)";
				SWIFT_VERSION = 3.0;
				TEST_TARGET_NAME = "TastingNote-Coffee";
			};
			name = Release;
		};
/* End XCBuildConfiguration section */

/* Begin XCConfigurationList section */
		60DC1C361F697ADA008E54AA /* Build configuration list for PBXProject "TastingNote-Coffee" */ = {
			isa = XCConfigurationList;
			buildConfigurations = (
				60DC1C611F697ADB008E54AA /* Debug */,
				60DC1C621F697ADB008E54AA /* Release */,
			);
			defaultConfigurationIsVisible = 0;
			defaultConfigurationName = Release;
		};
		60DC1C631F697ADB008E54AA /* Build configuration list for PBXNativeTarget "TastingNote-Coffee" */ = {
			isa = XCConfigurationList;
			buildConfigurations = (
				60DC1C641F697ADB008E54AA /* Debug */,
				60DC1C651F697ADB008E54AA /* Release */,
			);
			defaultConfigurationIsVisible = 0;
			defaultConfigurationName = Release;
		};
		60DC1C661F697ADB008E54AA /* Build configuration list for PBXNativeTarget "TastingNote-CoffeeTests" */ = {
			isa = XCConfigurationList;
			buildConfigurations = (
				60DC1C671F697ADB008E54AA /* Debug */,
				60DC1C681F697ADB008E54AA /* Release */,
			);
			defaultConfigurationIsVisible = 0;
			defaultConfigurationName = Release;
		};
		60DC1C691F697ADB008E54AA /* Build configuration list for PBXNativeTarget "TastingNote-CoffeeUITests" */ = {
			isa = XCConfigurationList;
			buildConfigurations = (
				60DC1C6A1F697ADB008E54AA /* Debug */,
				60DC1C6B1F697ADB008E54AA /* Release */,
			);
			defaultConfigurationIsVisible = 0;
			defaultConfigurationName = Release;
		};
/* End XCConfigurationList section */
	};
	rootObject = 60DC1C331F697ADA008E54AA /* Project object */;
}
